
Microsoft Visual Studio Solution File, Format Version 12.00
# Visual Studio Version 16
VisualStudioVersion = 16.0.31613.86
MinimumVisualStudioVersion = 10.0.40219.1
Project("{FAE04EC0-301F-11D3-BF4B-00C04F79EFBC}") = "Exam_Tests", "Exam_Tests\Exam_Tests.csproj", "{1AC54F21-88BD-4F92-9DFF-EBB4D3322A1A}"
EndProject
Project("{FAE04EC0-301F-11D3-BF4B-00C04F79EFBC}") = "Exam_UnitTests", "Exam_UnitTests\Exam_UnitTests.csproj", "{1DF67536-F41D-4271-A67C-E926290B607D}"
EndProject
Global
	GlobalSection(SolutionConfigurationPlatforms) = preSolution
		Debug|Any CPU = Debug|Any CPU
		Release|Any CPU = Release|Any CPU
	EndGlobalSection
	GlobalSection(ProjectConfigurationPlatforms) = postSolution
		{1AC54F21-88BD-4F92-9DFF-EBB4D3322A1A}.Debug|Any CPU.ActiveCfg = Debug|Any CPU
		{1AC54F21-88BD-4F92-9DFF-EBB4D3322A1A}.Debug|Any CPU.Build.0 = Debug|Any CPU
		{1AC54F21-88BD-4F92-9DFF-EBB4D3322A1A}.Release|Any CPU.ActiveCfg = Release|Any CPU
		{1AC54F21-88BD-4F92-9DFF-EBB4D3322A1A}.Release|Any CPU.Build.0 = Release|Any CPU
		{1DF67536-F41D-4271-A67C-E926290B607D}.Debug|Any CPU.ActiveCfg = Debug|Any CPU
		{1DF67536-F41D-4271-A67C-E926290B607D}.Debug|Any CPU.Build.0 = Debug|Any CPU
		{1DF67536-F41D-4271-A67C-E926290B607D}.Release|Any CPU.ActiveCfg = Release|Any CPU
		{1DF67536-F41D-4271-A67C-E926290B607D}.Release|Any CPU.Build.0 = Release|Any CPU
	EndGlobalSection
	GlobalSection(SolutionProperties) = preSolution
		HideSolutionNode = FALSE
	EndGlobalSection
	GlobalSection(ExtensibilityGlobals) = postSolution
		SolutionGuid = {596C75D2-B508-4D64-9DB0-AE0BDA0BC0FE}
	EndGlobalSection
EndGlobal
